
Microsoft Visual Studio Solution File, Format Version 12.00
# Visual Studio 15
VisualStudioVersion = 15.0.28307.539
MinimumVisualStudioVersion = 10.0.40219.1
Project("{9A19103F-16F7-4668-BE54-9A1E7A4F7556}") = "App.Infrastructure", "src\App.Infrastructure\App.Infrastructure.csproj", "{0A4D964E-0A84-4504-B0CF-AB537737CE56}"
EndProject
Project("{9A19103F-16F7-4668-BE54-9A1E7A4F7556}") = "App.DataAccess", "src\App.DataAccess\App.DataAccess.csproj", "{81A30ACA-A7D9-492F-99BA-212E54F4590C}"
	ProjectSection(ProjectDependencies) = postProject
		{0A4D964E-0A84-4504-B0CF-AB537737CE56} = {0A4D964E-0A84-4504-B0CF-AB537737CE56}
	EndProjectSection
EndProject
Project("{9A19103F-16F7-4668-BE54-9A1E7A4F7556}") = "App.BusinessObject", "src\App.BusinessObject\App.BusinessObject.csproj", "{09216A1D-6F20-4AC1-8B2D-7FCF34A2D8ED}"
	ProjectSection(ProjectDependencies) = postProject
		{0A4D964E-0A84-4504-B0CF-AB537737CE56} = {0A4D964E-0A84-4504-B0CF-AB537737CE56}
		{81A30ACA-A7D9-492F-99BA-212E54F4590C} = {81A30ACA-A7D9-492F-99BA-212E54F4590C}
	EndProjectSection
EndProject
Project("{FAE04EC0-301F-11D3-BF4B-00C04F79EFBC}") = "App.Presentation.WinForms", "src\App.Presentation.WinForms\App.Presentation.WinForms.csproj", "{7ECA5D3A-F37E-413F-B2A3-8F1A5F54EF7A}"
	ProjectSection(ProjectDependencies) = postProject
		{09216A1D-6F20-4AC1-8B2D-7FCF34A2D8ED} = {09216A1D-6F20-4AC1-8B2D-7FCF34A2D8ED}
		{0A4D964E-0A84-4504-B0CF-AB537737CE56} = {0A4D964E-0A84-4504-B0CF-AB537737CE56}
		{81A30ACA-A7D9-492F-99BA-212E54F4590C} = {81A30ACA-A7D9-492F-99BA-212E54F4590C}
	EndProjectSection
EndProject
Project("{FAE04EC0-301F-11D3-BF4B-00C04F79EFBC}") = "App.Infractructure.ConsoleApp", "src\App.Infractructure.ConsoleApp\App.Infractructure.ConsoleApp.csproj", "{D903D92A-DA62-42B7-BCD1-9047572BDBDE}"
EndProject
Project("{2150E333-8FDC-42A3-9474-1A3956D46DE8}") = "src", "src", "{740812C3-AE1C-4E6C-B40C-F9C5AA84ECC8}"
EndProject
Project("{2150E333-8FDC-42A3-9474-1A3956D46DE8}") = "tests", "tests", "{E96B1146-3B68-4D37-BB55-490CF07014D7}"
EndProject
Project("{FAE04EC0-301F-11D3-BF4B-00C04F79EFBC}") = "App.UnitTests", "tests\App.UnitTests\App.UnitTests.csproj", "{BF327FD0-C095-4B4B-9BA0-E9F9B60EB540}"
EndProject
Global
	GlobalSection(SolutionConfigurationPlatforms) = preSolution
		Debug|Any CPU = Debug|Any CPU
		Release|Any CPU = Release|Any CPU
	EndGlobalSection
	GlobalSection(ProjectConfigurationPlatforms) = postSolution
		{0A4D964E-0A84-4504-B0CF-AB537737CE56}.Debug|Any CPU.ActiveCfg = Debug|Any CPU
		{0A4D964E-0A84-4504-B0CF-AB537737CE56}.Debug|Any CPU.Build.0 = Debug|Any CPU
		{0A4D964E-0A84-4504-B0CF-AB537737CE56}.Release|Any CPU.ActiveCfg = Release|Any CPU
		{0A4D964E-0A84-4504-B0CF-AB537737CE56}.Release|Any CPU.Build.0 = Release|Any CPU
		{81A30ACA-A7D9-492F-99BA-212E54F4590C}.Debug|Any CPU.ActiveCfg = Debug|Any CPU
		{81A30ACA-A7D9-492F-99BA-212E54F4590C}.Debug|Any CPU.Build.0 = Debug|Any CPU
		{81A30ACA-A7D9-492F-99BA-212E54F4590C}.Release|Any CPU.ActiveCfg = Release|Any CPU
		{81A30ACA-A7D9-492F-99BA-212E54F4590C}.Release|Any CPU.Build.0 = Release|Any CPU
		{09216A1D-6F20-4AC1-8B2D-7FCF34A2D8ED}.Debug|Any CPU.ActiveCfg = Debug|Any CPU
		{09216A1D-6F20-4AC1-8B2D-7FCF34A2D8ED}.Debug|Any CPU.Build.0 = Debug|Any CPU
		{09216A1D-6F20-4AC1-8B2D-7FCF34A2D8ED}.Release|Any CPU.ActiveCfg = Release|Any CPU
		{09216A1D-6F20-4AC1-8B2D-7FCF34A2D8ED}.Release|Any CPU.Build.0 = Release|Any CPU
		{7ECA5D3A-F37E-413F-B2A3-8F1A5F54EF7A}.Debug|Any CPU.ActiveCfg = Debug|Any CPU
		{7ECA5D3A-F37E-413F-B2A3-8F1A5F54EF7A}.Debug|Any CPU.Build.0 = Debug|Any CPU
		{7ECA5D3A-F37E-413F-B2A3-8F1A5F54EF7A}.Release|Any CPU.ActiveCfg = Release|Any CPU
		{7ECA5D3A-F37E-413F-B2A3-8F1A5F54EF7A}.Release|Any CPU.Build.0 = Release|Any CPU
		{D903D92A-DA62-42B7-BCD1-9047572BDBDE}.Debug|Any CPU.ActiveCfg = Debug|Any CPU
		{D903D92A-DA62-42B7-BCD1-9047572BDBDE}.Debug|Any CPU.Build.0 = Debug|Any CPU
		{D903D92A-DA62-42B7-BCD1-9047572BDBDE}.Release|Any CPU.ActiveCfg = Release|Any CPU
		{D903D92A-DA62-42B7-BCD1-9047572BDBDE}.Release|Any CPU.Build.0 = Release|Any CPU
		{BF327FD0-C095-4B4B-9BA0-E9F9B60EB540}.Debug|Any CPU.ActiveCfg = Debug|Any CPU
		{BF327FD0-C095-4B4B-9BA0-E9F9B60EB540}.Debug|Any CPU.Build.0 = Debug|Any CPU
		{BF327FD0-C095-4B4B-9BA0-E9F9B60EB540}.Release|Any CPU.ActiveCfg = Release|Any CPU
		{BF327FD0-C095-4B4B-9BA0-E9F9B60EB540}.Release|Any CPU.Build.0 = Release|Any CPU
	EndGlobalSection
	GlobalSection(SolutionProperties) = preSolution
		HideSolutionNode = FALSE
	EndGlobalSection
	GlobalSection(NestedProjects) = preSolution
		{0A4D964E-0A84-4504-B0CF-AB537737CE56} = {740812C3-AE1C-4E6C-B40C-F9C5AA84ECC8}
		{81A30ACA-A7D9-492F-99BA-212E54F4590C} = {740812C3-AE1C-4E6C-B40C-F9C5AA84ECC8}
		{09216A1D-6F20-4AC1-8B2D-7FCF34A2D8ED} = {740812C3-AE1C-4E6C-B40C-F9C5AA84ECC8}
		{7ECA5D3A-F37E-413F-B2A3-8F1A5F54EF7A} = {740812C3-AE1C-4E6C-B40C-F9C5AA84ECC8}
		{D903D92A-DA62-42B7-BCD1-9047572BDBDE} = {740812C3-AE1C-4E6C-B40C-F9C5AA84ECC8}
		{BF327FD0-C095-4B4B-9BA0-E9F9B60EB540} = {E96B1146-3B68-4D37-BB55-490CF07014D7}
	EndGlobalSection
	GlobalSection(ExtensibilityGlobals) = postSolution
		SolutionGuid = {BEAD22BF-7956-4ECE-8C25-A980D13DE034}
	EndGlobalSection
EndGlobal
