
Microsoft Visual Studio Solution File, Format Version 12.00
# Visual Studio 15
VisualStudioVersion = 15.0.28307.539
MinimumVisualStudioVersion = 10.0.40219.1
Project("{FAE04EC0-301F-11D3-BF4B-00C04F79EFBC}") = "App.Presentation.WinForms", "src\App.Presentation.WinForms\App.Presentation.WinForms.csproj", "{7ECA5D3A-F37E-413F-B2A3-8F1A5F54EF7A}"
	ProjectSection(ProjectDependencies) = postProject
		{A387AA7A-E443-4A81-86CD-B35C24F542F2} = {A387AA7A-E443-4A81-86CD-B35C24F542F2}
		{2FAFC08F-DF4E-492C-8E4A-EC076B584EFD} = {2FAFC08F-DF4E-492C-8E4A-EC076B584EFD}
		{208F73C2-3F32-4A18-891A-552D03DA38C2} = {208F73C2-3F32-4A18-891A-552D03DA38C2}
	EndProjectSection
EndProject
Project("{2150E333-8FDC-42A3-9474-1A3956D46DE8}") = "src", "src", "{740812C3-AE1C-4E6C-B40C-F9C5AA84ECC8}"
EndProject
Project("{2150E333-8FDC-42A3-9474-1A3956D46DE8}") = "tests", "tests", "{E96B1146-3B68-4D37-BB55-490CF07014D7}"
EndProject
Project("{FAE04EC0-301F-11D3-BF4B-00C04F79EFBC}") = "App.DataAccessLayer", "src\App.DataAccessLayer\App.DataAccessLayer.csproj", "{208F73C2-3F32-4A18-891A-552D03DA38C2}"
	ProjectSection(ProjectDependencies) = postProject
		{A387AA7A-E443-4A81-86CD-B35C24F542F2} = {A387AA7A-E443-4A81-86CD-B35C24F542F2}
	EndProjectSection
EndProject
Project("{FAE04EC0-301F-11D3-BF4B-00C04F79EFBC}") = "App.BusinessObjectLayer", "src\App.BusinessObjectLayer\App.BusinessObjectLayer.csproj", "{2FAFC08F-DF4E-492C-8E4A-EC076B584EFD}"
	ProjectSection(ProjectDependencies) = postProject
		{A387AA7A-E443-4A81-86CD-B35C24F542F2} = {A387AA7A-E443-4A81-86CD-B35C24F542F2}
		{208F73C2-3F32-4A18-891A-552D03DA38C2} = {208F73C2-3F32-4A18-891A-552D03DA38C2}
	EndProjectSection
EndProject
Project("{FAE04EC0-301F-11D3-BF4B-00C04F79EFBC}") = "App.InfrastructureLayer", "src\App.InfrastructureLayer\App.InfrastructureLayer.csproj", "{A387AA7A-E443-4A81-86CD-B35C24F542F2}"
EndProject
Project("{FAE04EC0-301F-11D3-BF4B-00C04F79EFBC}") = "App.UnitTests", "tests\App.UnitTests\App.UnitTests.csproj", "{82B57067-DF61-412B-8B78-322F3B1161AA}"
EndProject
Global
	GlobalSection(SolutionConfigurationPlatforms) = preSolution
		Debug|Any CPU = Debug|Any CPU
		Release|Any CPU = Release|Any CPU
	EndGlobalSection
	GlobalSection(ProjectConfigurationPlatforms) = postSolution
		{7ECA5D3A-F37E-413F-B2A3-8F1A5F54EF7A}.Debug|Any CPU.ActiveCfg = Debug|Any CPU
		{7ECA5D3A-F37E-413F-B2A3-8F1A5F54EF7A}.Debug|Any CPU.Build.0 = Debug|Any CPU
		{7ECA5D3A-F37E-413F-B2A3-8F1A5F54EF7A}.Release|Any CPU.ActiveCfg = Release|Any CPU
		{7ECA5D3A-F37E-413F-B2A3-8F1A5F54EF7A}.Release|Any CPU.Build.0 = Release|Any CPU
		{208F73C2-3F32-4A18-891A-552D03DA38C2}.Debug|Any CPU.ActiveCfg = Debug|Any CPU
		{208F73C2-3F32-4A18-891A-552D03DA38C2}.Debug|Any CPU.Build.0 = Debug|Any CPU
		{208F73C2-3F32-4A18-891A-552D03DA38C2}.Release|Any CPU.ActiveCfg = Release|Any CPU
		{208F73C2-3F32-4A18-891A-552D03DA38C2}.Release|Any CPU.Build.0 = Release|Any CPU
		{2FAFC08F-DF4E-492C-8E4A-EC076B584EFD}.Debug|Any CPU.ActiveCfg = Debug|Any CPU
		{2FAFC08F-DF4E-492C-8E4A-EC076B584EFD}.Debug|Any CPU.Build.0 = Debug|Any CPU
		{2FAFC08F-DF4E-492C-8E4A-EC076B584EFD}.Release|Any CPU.ActiveCfg = Release|Any CPU
		{2FAFC08F-DF4E-492C-8E4A-EC076B584EFD}.Release|Any CPU.Build.0 = Release|Any CPU
		{A387AA7A-E443-4A81-86CD-B35C24F542F2}.Debug|Any CPU.ActiveCfg = Debug|Any CPU
		{A387AA7A-E443-4A81-86CD-B35C24F542F2}.Debug|Any CPU.Build.0 = Debug|Any CPU
		{A387AA7A-E443-4A81-86CD-B35C24F542F2}.Release|Any CPU.ActiveCfg = Release|Any CPU
		{A387AA7A-E443-4A81-86CD-B35C24F542F2}.Release|Any CPU.Build.0 = Release|Any CPU
		{82B57067-DF61-412B-8B78-322F3B1161AA}.Debug|Any CPU.ActiveCfg = Debug|Any CPU
		{82B57067-DF61-412B-8B78-322F3B1161AA}.Debug|Any CPU.Build.0 = Debug|Any CPU
		{82B57067-DF61-412B-8B78-322F3B1161AA}.Release|Any CPU.ActiveCfg = Release|Any CPU
		{82B57067-DF61-412B-8B78-322F3B1161AA}.Release|Any CPU.Build.0 = Release|Any CPU
	EndGlobalSection
	GlobalSection(SolutionProperties) = preSolution
		HideSolutionNode = FALSE
	EndGlobalSection
	GlobalSection(NestedProjects) = preSolution
		{7ECA5D3A-F37E-413F-B2A3-8F1A5F54EF7A} = {740812C3-AE1C-4E6C-B40C-F9C5AA84ECC8}
		{208F73C2-3F32-4A18-891A-552D03DA38C2} = {740812C3-AE1C-4E6C-B40C-F9C5AA84ECC8}
		{2FAFC08F-DF4E-492C-8E4A-EC076B584EFD} = {740812C3-AE1C-4E6C-B40C-F9C5AA84ECC8}
		{A387AA7A-E443-4A81-86CD-B35C24F542F2} = {740812C3-AE1C-4E6C-B40C-F9C5AA84ECC8}
		{82B57067-DF61-412B-8B78-322F3B1161AA} = {E96B1146-3B68-4D37-BB55-490CF07014D7}
	EndGlobalSection
	GlobalSection(ExtensibilityGlobals) = postSolution
		SolutionGuid = {BEAD22BF-7956-4ECE-8C25-A980D13DE034}
	EndGlobalSection
EndGlobal
